# This file is autogenerated, do not edit; changes may be undone by the next 'dep ensure'.


[[projects]]
  branch = "master"
  name = "github.com/ironzhang/pearls"
  packages = ["uuid"]
  revision = "c6de090a6e7bb58e2853b8dac2f4a1c3ea1c5b2f"

[[projects]]
  branch = "master"
  name = "github.com/ironzhang/x-pearls"
  packages = [
    "config",
    "govern",
    "zlog"
  ]
  revision = "e39938b1a10b134280ff3318dc675442ed8a1f29"

[solve-meta]
  analyzer-name = "dep"
  analyzer-version = 1
  inputs-digest = "309b2e3392a7e62b355a4e28ba1e0229666b1cb62025543f4e3911ae60b7466f"
  solver-name = "gps-cdcl"
  solver-version = 1
