# This file is autogenerated, do not edit; changes may be undone by the next 'dep ensure'.


[[projects]]
  branch = "master"
  name = "github.com/ironzhang/pearls"
  packages = ["uuid"]
  revision = "54e8bd92b4c8bdf48d4456f0c2028b4d493061b8"

[solve-meta]
  analyzer-name = "dep"
  analyzer-version = 1
  inputs-digest = "04faa66a3cea966ddfb5dc11de784b33b1c63e9eb3ebd8dd54a28f1f648b059c"
  solver-name = "gps-cdcl"
  solver-version = 1
